
Microsoft Visual Studio Solution File, Format Version 12.00
# Visual Studio Version 17
VisualStudioVersion = 17.0.31903.59
MinimumVisualStudioVersion = 10.0.40219.1
Project("{2150E333-8FDC-42A3-9474-1A3956D46DE8}") = "Adapter", "Adapter", "{26927D55-FE4E-4DCA-9FFA-82E1D4EDA07E}"
EndProject
Project("{2150E333-8FDC-42A3-9474-1A3956D46DE8}") = "Driver", "Driver", "{E65CC6A4-949D-433B-B116-B5A956ADE7B9}"
EndProject
Project("{2150E333-8FDC-42A3-9474-1A3956D46DE8}") = "Driven", "Driven", "{AC26AE1A-6F86-4FB2-89D9-FB04F2C59909}"
EndProject
Project("{2150E333-8FDC-42A3-9474-1A3956D46DE8}") = "Core", "Core", "{7C303EF2-83E5-45C0-A6EB-5A68C7F5A1E5}"
EndProject
Project("{2150E333-8FDC-42A3-9474-1A3956D46DE8}") = "Tests", "Tests", "{AEF77E9A-CB60-456A-8840-7935FE5A4C0B}"
EndProject
Project("{2150E333-8FDC-42A3-9474-1A3956D46DE8}") = "Common", "Common", "{F5CB72BF-34AE-4115-A199-887B261A7F49}"
EndProject
Project("{FAE04EC0-301F-11D3-BF4B-00C04F79EFBC}") = "ProcessadorVideo.Api", "adapter\ProcessadorVideo.Api\ProcessadorVideo.Api.csproj", "{CB95EA9A-902E-4EE6-AACC-1E12F0F73F92}"
EndProject
Project("{FAE04EC0-301F-11D3-BF4B-00C04F79EFBC}") = "ProcessadorVideo.Infra", "adapter\ProcessadorVideo.Infra\ProcessadorVideo.Infra.csproj", "{D2498C32-3BE2-4186-B820-9B8877EC6752}"
EndProject
Project("{FAE04EC0-301F-11D3-BF4B-00C04F79EFBC}") = "ProcessadorVideo.Domain", "core\ProcessadorVideo.Domain\ProcessadorVideo.Domain.csproj", "{48148B3D-5DAE-4652-A8CC-A0B775CC8ECF}"
EndProject
Project("{FAE04EC0-301F-11D3-BF4B-00C04F79EFBC}") = "ProcessadorVideo.Application", "core\ProcessadorVideo.Application\ProcessadorVideo.Application.csproj", "{E666558D-F8BD-4065-BE8D-E06379C06090}"
EndProject
Project("{FAE04EC0-301F-11D3-BF4B-00C04F79EFBC}") = "ProcessadorVideo.CrossCutting", "common\ProcessadorVideo.CrossCutting\ProcessadorVideo.CrossCutting.csproj", "{A52DAF95-D03F-4FF6-AD3A-24ED9ED477B3}"
EndProject
Global
	GlobalSection(SolutionConfigurationPlatforms) = preSolution
		Debug|Any CPU = Debug|Any CPU
		Release|Any CPU = Release|Any CPU
	EndGlobalSection
	GlobalSection(ProjectConfigurationPlatforms) = postSolution
		{CB95EA9A-902E-4EE6-AACC-1E12F0F73F92}.Debug|Any CPU.ActiveCfg = Debug|Any CPU
		{CB95EA9A-902E-4EE6-AACC-1E12F0F73F92}.Debug|Any CPU.Build.0 = Debug|Any CPU
		{CB95EA9A-902E-4EE6-AACC-1E12F0F73F92}.Release|Any CPU.ActiveCfg = Release|Any CPU
		{CB95EA9A-902E-4EE6-AACC-1E12F0F73F92}.Release|Any CPU.Build.0 = Release|Any CPU
		{D2498C32-3BE2-4186-B820-9B8877EC6752}.Debug|Any CPU.ActiveCfg = Debug|Any CPU
		{D2498C32-3BE2-4186-B820-9B8877EC6752}.Debug|Any CPU.Build.0 = Debug|Any CPU
		{D2498C32-3BE2-4186-B820-9B8877EC6752}.Release|Any CPU.ActiveCfg = Release|Any CPU
		{D2498C32-3BE2-4186-B820-9B8877EC6752}.Release|Any CPU.Build.0 = Release|Any CPU
		{48148B3D-5DAE-4652-A8CC-A0B775CC8ECF}.Debug|Any CPU.ActiveCfg = Debug|Any CPU
		{48148B3D-5DAE-4652-A8CC-A0B775CC8ECF}.Debug|Any CPU.Build.0 = Debug|Any CPU
		{48148B3D-5DAE-4652-A8CC-A0B775CC8ECF}.Release|Any CPU.ActiveCfg = Release|Any CPU
		{48148B3D-5DAE-4652-A8CC-A0B775CC8ECF}.Release|Any CPU.Build.0 = Release|Any CPU
		{E666558D-F8BD-4065-BE8D-E06379C06090}.Debug|Any CPU.ActiveCfg = Debug|Any CPU
		{E666558D-F8BD-4065-BE8D-E06379C06090}.Debug|Any CPU.Build.0 = Debug|Any CPU
		{E666558D-F8BD-4065-BE8D-E06379C06090}.Release|Any CPU.ActiveCfg = Release|Any CPU
		{E666558D-F8BD-4065-BE8D-E06379C06090}.Release|Any CPU.Build.0 = Release|Any CPU
		{A52DAF95-D03F-4FF6-AD3A-24ED9ED477B3}.Debug|Any CPU.ActiveCfg = Debug|Any CPU
		{A52DAF95-D03F-4FF6-AD3A-24ED9ED477B3}.Debug|Any CPU.Build.0 = Debug|Any CPU
		{A52DAF95-D03F-4FF6-AD3A-24ED9ED477B3}.Release|Any CPU.ActiveCfg = Release|Any CPU
		{A52DAF95-D03F-4FF6-AD3A-24ED9ED477B3}.Release|Any CPU.Build.0 = Release|Any CPU
	EndGlobalSection
	GlobalSection(SolutionProperties) = preSolution
		HideSolutionNode = FALSE
	EndGlobalSection
	GlobalSection(NestedProjects) = preSolution
		{E65CC6A4-949D-433B-B116-B5A956ADE7B9} = {26927D55-FE4E-4DCA-9FFA-82E1D4EDA07E}
		{AC26AE1A-6F86-4FB2-89D9-FB04F2C59909} = {26927D55-FE4E-4DCA-9FFA-82E1D4EDA07E}
		{CB95EA9A-902E-4EE6-AACC-1E12F0F73F92} = {E65CC6A4-949D-433B-B116-B5A956ADE7B9}
		{D2498C32-3BE2-4186-B820-9B8877EC6752} = {AC26AE1A-6F86-4FB2-89D9-FB04F2C59909}
		{48148B3D-5DAE-4652-A8CC-A0B775CC8ECF} = {7C303EF2-83E5-45C0-A6EB-5A68C7F5A1E5}
		{E666558D-F8BD-4065-BE8D-E06379C06090} = {7C303EF2-83E5-45C0-A6EB-5A68C7F5A1E5}
		{A52DAF95-D03F-4FF6-AD3A-24ED9ED477B3} = {F5CB72BF-34AE-4115-A199-887B261A7F49}
	EndGlobalSection
EndGlobal
